// !$*UTF8*$!
{
	archiveVersion = 1;
	classes = {
	};
	objectVersion = 50;
	objects = {

/* Begin PBXBuildFile section */
		844866BD21518353005DC541 /* AppDelegate.swift in Sources */ = {isa = PBXBuildFile; fileRef = 844866BC21518353005DC541 /* AppDelegate.swift */; };
		844866BF21518353005DC541 /* ViewController.swift in Sources */ = {isa = PBXBuildFile; fileRef = 844866BE21518353005DC541 /* ViewController.swift */; };
		844866C221518353005DC541 /* Main.storyboard in Resources */ = {isa = PBXBuildFile; fileRef = 844866C021518353005DC541 /* Main.storyboard */; };
		844866C421518355005DC541 /* Assets.xcassets in Resources */ = {isa = PBXBuildFile; fileRef = 844866C321518355005DC541 /* Assets.xcassets */; };
		844866C721518355005DC541 /* LaunchScreen.storyboard in Resources */ = {isa = PBXBuildFile; fileRef = 844866C521518355005DC541 /* LaunchScreen.storyboard */; };
		844866D221518355005DC541 /* FlatPageControlTests.swift in Sources */ = {isa = PBXBuildFile; fileRef = 844866D121518355005DC541 /* FlatPageControlTests.swift */; };
/* End PBXBuildFile section */

/* Begin PBXContainerItemProxy section */
		844866CE21518355005DC541 /* PBXContainerItemProxy */ = {
			isa = PBXContainerItemProxy;
			containerPortal = 844866B121518352005DC541 /* Project object */;
			proxyType = 1;
			remoteGlobalIDString = 844866B821518352005DC541;
			remoteInfo = FlatPageControl;
		};
/* End PBXContainerItemProxy section */

/* Begin PBXFileReference section */
		844866B921518353005DC541 /* FlatPageControl.app */ = {isa = PBXFileReference; explicitFileType = wrapper.application; includeInIndex = 0; path = FlatPageControl.app; sourceTree = BUILT_PRODUCTS_DIR; };
		844866BC21518353005DC541 /* AppDelegate.swift */ = {isa = PBXFileReference; lastKnownFileType = sourcecode.swift; path = AppDelegate.swift; sourceTree = "<group>"; };
		844866BE21518353005DC541 /* ViewController.swift */ = {isa = PBXFileReference; lastKnownFileType = sourcecode.swift; path = ViewController.swift; sourceTree = "<group>"; };
		844866C121518353005DC541 /* Base */ = {isa = PBXFileReference; lastKnownFileType = file.storyboard; name = Base; path = Base.lproj/Main.storyboard; sourceTree = "<group>"; };
		844866C321518355005DC541 /* Assets.xcassets */ = {isa = PBXFileReference; lastKnownFileType = folder.assetcatalog; path = Assets.xcassets; sourceTree = "<group>"; };
		844866C621518355005DC541 /* Base */ = {isa = PBXFileReference; lastKnownFileType = file.storyboard; name = Base; path = Base.lproj/LaunchScreen.storyboard; sourceTree = "<group>"; };
		844866C821518355005DC541 /* Info.plist */ = {isa = PBXFileReference; lastKnownFileType = text.plist.xml; path = Info.plist; sourceTree = "<group>"; };
		844866CD21518355005DC541 /* FlatPageControlTests.xctest */ = {isa = PBXFileReference; explicitFileType = wrapper.cfbundle; includeInIndex = 0; path = FlatPageControlTests.xctest; sourceTree = BUILT_PRODUCTS_DIR; };
		844866D121518355005DC541 /* FlatPageControlTests.swift */ = {isa = PBXFileReference; lastKnownFileType = sourcecode.swift; path = FlatPageControlTests.swift; sourceTree = "<group>"; };
		844866D321518355005DC541 /* Info.plist */ = {isa = PBXFileReference; lastKnownFileType = text.plist.xml; path = Info.plist; sourceTree = "<group>"; };
/* End PBXFileReference section */

/* Begin PBXFrameworksBuildPhase section */
		844866B621518352005DC541 /* Frameworks */ = {
			isa = PBXFrameworksBuildPhase;
			buildActionMask = 2147483647;
			files = (
			);
			runOnlyForDeploymentPostprocessing = 0;
		};
		844866CA21518355005DC541 /* Frameworks */ = {
			isa = PBXFrameworksBuildPhase;
			buildActionMask = 2147483647;
			files = (
			);
			runOnlyForDeploymentPostprocessing = 0;
		};
/* End PBXFrameworksBuildPhase section */

/* Begin PBXGroup section */
		844866B021518352005DC541 = {
			isa = PBXGroup;
			children = (
				844866BB21518353005DC541 /* FlatPageControl */,
				844866D021518355005DC541 /* FlatPageControlTests */,
				844866BA21518353005DC541 /* Products */,
			);
			sourceTree = "<group>";
		};
		844866BA21518353005DC541 /* Products */ = {
			isa = PBXGroup;
			children = (
				844866B921518353005DC541 /* FlatPageControl.app */,
				844866CD21518355005DC541 /* FlatPageControlTests.xctest */,
			);
			name = Products;
			sourceTree = "<group>";
		};
		844866BB21518353005DC541 /* FlatPageControl */ = {
			isa = PBXGroup;
			children = (
				844866BC21518353005DC541 /* AppDelegate.swift */,
				844866BE21518353005DC541 /* ViewController.swift */,
				844866C021518353005DC541 /* Main.storyboard */,
				844866C321518355005DC541 /* Assets.xcassets */,
				844866C521518355005DC541 /* LaunchScreen.storyboard */,
				844866C821518355005DC541 /* Info.plist */,
			);
			path = FlatPageControl;
			sourceTree = "<group>";
		};
		844866D021518355005DC541 /* FlatPageControlTests */ = {
			isa = PBXGroup;
			children = (
				844866D121518355005DC541 /* FlatPageControlTests.swift */,
				844866D321518355005DC541 /* Info.plist */,
			);
			path = FlatPageControlTests;
			sourceTree = "<group>";
		};
/* End PBXGroup section */

/* Begin PBXNativeTarget section */
		844866B821518352005DC541 /* FlatPageControl */ = {
			isa = PBXNativeTarget;
			buildConfigurationList = 844866D621518355005DC541 /* Build configuration list for PBXNativeTarget "FlatPageControl" */;
			buildPhases = (
				844866B521518352005DC541 /* Sources */,
				844866B621518352005DC541 /* Frameworks */,
				844866B721518352005DC541 /* Resources */,
			);
			buildRules = (
			);
			dependencies = (
			);
			name = FlatPageControl;
			productName = FlatPageControl;
			productReference = 844866B921518353005DC541 /* FlatPageControl.app */;
			productType = "com.apple.product-type.application";
		};
		844866CC21518355005DC541 /* FlatPageControlTests */ = {
			isa = PBXNativeTarget;
			buildConfigurationList = 844866D921518355005DC541 /* Build configuration list for PBXNativeTarget "FlatPageControlTests" */;
			buildPhases = (
				844866C921518355005DC541 /* Sources */,
				844866CA21518355005DC541 /* Frameworks */,
				844866CB21518355005DC541 /* Resources */,
			);
			buildRules = (
			);
			dependencies = (
				844866CF21518355005DC541 /* PBXTargetDependency */,
			);
			name = FlatPageControlTests;
			productName = FlatPageControlTests;
			productReference = 844866CD21518355005DC541 /* FlatPageControlTests.xctest */;
			productType = "com.apple.product-type.bundle.unit-test";
		};
/* End PBXNativeTarget section */

/* Begin PBXProject section */
		844866B121518352005DC541 /* Project object */ = {
			isa = PBXProject;
			attributes = {
				LastSwiftUpdateCheck = 0940;
				LastUpgradeCheck = 0940;
				ORGANIZATIONNAME = surf;
				TargetAttributes = {
					844866B821518352005DC541 = {
						CreatedOnToolsVersion = 9.4.1;
					};
					844866CC21518355005DC541 = {
						CreatedOnToolsVersion = 9.4.1;
						TestTargetID = 844866B821518352005DC541;
					};
				};
			};
			buildConfigurationList = 844866B421518352005DC541 /* Build configuration list for PBXProject "FlatPageControl" */;
			compatibilityVersion = "Xcode 9.3";
			developmentRegion = en;
			hasScannedForEncodings = 0;
			knownRegions = (
				en,
				Base,
			);
			mainGroup = 844866B021518352005DC541;
			productRefGroup = 844866BA21518353005DC541 /* Products */;
			projectDirPath = "";
			projectRoot = "";
			targets = (
				844866B821518352005DC541 /* FlatPageControl */,
				844866CC21518355005DC541 /* FlatPageControlTests */,
			);
		};
/* End PBXProject section */

/* Begin PBXResourcesBuildPhase section */
		844866B721518352005DC541 /* Resources */ = {
			isa = PBXResourcesBuildPhase;
			buildActionMask = 2147483647;
			files = (
				844866C721518355005DC541 /* LaunchScreen.storyboard in Resources */,
				844866C421518355005DC541 /* Assets.xcassets in Resources */,
				844866C221518353005DC541 /* Main.storyboard in Resources */,
			);
			runOnlyForDeploymentPostprocessing = 0;
		};
		844866CB21518355005DC541 /* Resources */ = {
			isa = PBXResourcesBuildPhase;
			buildActionMask = 2147483647;
			files = (
			);
			runOnlyForDeploymentPostprocessing = 0;
		};
/* End PBXResourcesBuildPhase section */

/* Begin PBXSourcesBuildPhase section */
		844866B521518352005DC541 /* Sources */ = {
			isa = PBXSourcesBuildPhase;
			buildActionMask = 2147483647;
			files = (
				844866BF21518353005DC541 /* ViewController.swift in Sources */,
				844866BD21518353005DC541 /* AppDelegate.swift in Sources */,
			);
			runOnlyForDeploymentPostprocessing = 0;
		};
		844866C921518355005DC541 /* Sources */ = {
			isa = PBXSourcesBuildPhase;
			buildActionMask = 2147483647;
			files = (
				844866D221518355005DC541 /* FlatPageControlTests.swift in Sources */,
			);
			runOnlyForDeploymentPostprocessing = 0;
		};
/* End PBXSourcesBuildPhase section */

/* Begin PBXTargetDependency section */
		844866CF21518355005DC541 /* PBXTargetDependency */ = {
			isa = PBXTargetDependency;
			target = 844866B821518352005DC541 /* FlatPageControl */;
			targetProxy = 844866CE21518355005DC541 /* PBXContainerItemProxy */;
		};
/* End PBXTargetDependency section */

/* Begin PBXVariantGroup section */
		844866C021518353005DC541 /* Main.storyboard */ = {
			isa = PBXVariantGroup;
			children = (
				844866C121518353005DC541 /* Base */,
			);
			name = Main.storyboard;
			sourceTree = "<group>";
		};
		844866C521518355005DC541 /* LaunchScreen.storyboard */ = {
			isa = PBXVariantGroup;
			children = (
				844866C621518355005DC541 /* Base */,
			);
			name = LaunchScreen.storyboard;
			sourceTree = "<group>";
		};
/* End PBXVariantGroup section */

/* Begin XCBuildConfiguration section */
		844866D421518355005DC541 /* Debug */ = {
			isa = XCBuildConfiguration;
			buildSettings = {
				ALWAYS_SEARCH_USER_PATHS = NO;
				CLANG_ANALYZER_NONNULL = YES;
				CLANG_ANALYZER_NUMBER_OBJECT_CONVERSION = YES_AGGRESSIVE;
				CLANG_CXX_LANGUAGE_STANDARD = "gnu++14";
				CLANG_CXX_LIBRARY = "libc++";
				CLANG_ENABLE_MODULES = YES;
				CLANG_ENABLE_OBJC_ARC = YES;
				CLANG_ENABLE_OBJC_WEAK = YES;
				CLANG_WARN_BLOCK_CAPTURE_AUTORELEASING = YES;
				CLANG_WARN_BOOL_CONVERSION = YES;
				CLANG_WARN_COMMA = YES;
				CLANG_WARN_CONSTANT_CONVERSION = YES;
				CLANG_WARN_DEPRECATED_OBJC_IMPLEMENTATIONS = YES;
				CLANG_WARN_DIRECT_OBJC_ISA_USAGE = YES_ERROR;
				CLANG_WARN_DOCUMENTATION_COMMENTS = YES;
				CLANG_WARN_EMPTY_BODY = YES;
				CLANG_WARN_ENUM_CONVERSION = YES;
				CLANG_WARN_INFINITE_RECURSION = YES;
				CLANG_WARN_INT_CONVERSION = YES;
				CLANG_WARN_NON_LITERAL_NULL_CONVERSION = YES;
				CLANG_WARN_OBJC_IMPLICIT_RETAIN_SELF = YES;
				CLANG_WARN_OBJC_LITERAL_CONVERSION = YES;
				CLANG_WARN_OBJC_ROOT_CLASS = YES_ERROR;
				CLANG_WARN_RANGE_LOOP_ANALYSIS = YES;
				CLANG_WARN_STRICT_PROTOTYPES = YES;
				CLANG_WARN_SUSPICIOUS_MOVE = YES;
				CLANG_WARN_UNGUARDED_AVAILABILITY = YES_AGGRESSIVE;
				CLANG_WARN_UNREACHABLE_CODE = YES;
				CLANG_WARN__DUPLICATE_METHOD_MATCH = YES;
				CODE_SIGN_IDENTITY = "iPhone Developer";
				COPY_PHASE_STRIP = NO;
				DEBUG_INFORMATION_FORMAT = dwarf;
				ENABLE_STRICT_OBJC_MSGSEND = YES;
				ENABLE_TESTABILITY = YES;
				GCC_C_LANGUAGE_STANDARD = gnu11;
				GCC_DYNAMIC_NO_PIC = NO;
				GCC_NO_COMMON_BLOCKS = YES;
				GCC_OPTIMIZATION_LEVEL = 0;
				GCC_PREPROCESSOR_DEFINITIONS = (
					"DEBUG=1",
					"$(inherited)",
				);
				GCC_WARN_64_TO_32_BIT_CONVERSION = YES;
				GCC_WARN_ABOUT_RETURN_TYPE = YES_ERROR;
				GCC_WARN_UNDECLARED_SELECTOR = YES;
				GCC_WARN_UNINITIALIZED_AUTOS = YES_AGGRESSIVE;
				GCC_WARN_UNUSED_FUNCTION = YES;
				GCC_WARN_UNUSED_VARIABLE = YES;
				IPHONEOS_DEPLOYMENT_TARGET = 11.4;
				MTL_ENABLE_DEBUG_INFO = YES;
				ONLY_ACTIVE_ARCH = YES;
				SDKROOT = iphoneos;
				SWIFT_ACTIVE_COMPILATION_CONDITIONS = DEBUG;
				SWIFT_OPTIMIZATION_LEVEL = "-Onone";
			};
			name = Debug;
		};
		844866D521518355005DC541 /* Release */ = {
			isa = XCBuildConfiguration;
			buildSettings = {
				ALWAYS_SEARCH_USER_PATHS = NO;
				CLANG_ANALYZER_NONNULL = YES;
				CLANG_ANALYZER_NUMBER_OBJECT_CONVERSION = YES_AGGRESSIVE;
				CLANG_CXX_LANGUAGE_STANDARD = "gnu++14";
				CLANG_CXX_LIBRARY = "libc++";
				CLANG_ENABLE_MODULES = YES;
				CLANG_ENABLE_OBJC_ARC = YES;
				CLANG_ENABLE_OBJC_WEAK = YES;
				CLANG_WARN_BLOCK_CAPTURE_AUTORELEASING = YES;
				CLANG_WARN_BOOL_CONVERSION = YES;
				CLANG_WARN_COMMA = YES;
				CLANG_WARN_CONSTANT_CONVERSION = YES;
				CLANG_WARN_DEPRECATED_OBJC_IMPLEMENTATIONS = YES;
				CLANG_WARN_DIRECT_OBJC_ISA_USAGE = YES_ERROR;
				CLANG_WARN_DOCUMENTATION_COMMENTS = YES;
				CLANG_WARN_EMPTY_BODY = YES;
				CLANG_WARN_ENUM_CONVERSION = YES;
				CLANG_WARN_INFINITE_RECURSION = YES;
				CLANG_WARN_INT_CONVERSION = YES;
				CLANG_WARN_NON_LITERAL_NULL_CONVERSION = YES;
				CLANG_WARN_OBJC_IMPLICIT_RETAIN_SELF = YES;
				CLANG_WARN_OBJC_LITERAL_CONVERSION = YES;
				CLANG_WARN_OBJC_ROOT_CLASS = YES_ERROR;
				CLANG_WARN_RANGE_LOOP_ANALYSIS = YES;
				CLANG_WARN_STRICT_PROTOTYPES = YES;
				CLANG_WARN_SUSPICIOUS_MOVE = YES;
				CLANG_WARN_UNGUARDED_AVAILABILITY = YES_AGGRESSIVE;
				CLANG_WARN_UNREACHABLE_CODE = YES;
				CLANG_WARN__DUPLICATE_METHOD_MATCH = YES;
				CODE_SIGN_IDENTITY = "iPhone Developer";
				COPY_PHASE_STRIP = NO;
				DEBUG_INFORMATION_FORMAT = "dwarf-with-dsym";
				ENABLE_NS_ASSERTIONS = NO;
				ENABLE_STRICT_OBJC_MSGSEND = YES;
				GCC_C_LANGUAGE_STANDARD = gnu11;
				GCC_NO_COMMON_BLOCKS = YES;
				GCC_WARN_64_TO_32_BIT_CONVERSION = YES;
				GCC_WARN_ABOUT_RETURN_TYPE = YES_ERROR;
				GCC_WARN_UNDECLARED_SELECTOR = YES;
				GCC_WARN_UNINITIALIZED_AUTOS = YES_AGGRESSIVE;
				GCC_WARN_UNUSED_FUNCTION = YES;
				GCC_WARN_UNUSED_VARIABLE = YES;
				IPHONEOS_DEPLOYMENT_TARGET = 11.4;
				MTL_ENABLE_DEBUG_INFO = NO;
				SDKROOT = iphoneos;
				SWIFT_COMPILATION_MODE = wholemodule;
				SWIFT_OPTIMIZATION_LEVEL = "-O";
				VALIDATE_PRODUCT = YES;
			};
			name = Release;
		};
		844866D721518355005DC541 /* Debug */ = {
			isa = XCBuildConfiguration;
			buildSettings = {
				ASSETCATALOG_COMPILER_APPICON_NAME = AppIcon;
				CODE_SIGN_STYLE = Automatic;
				DEVELOPMENT_TEAM = 4CNS69SD7T;
				INFOPLIST_FILE = FlatPageControl/Info.plist;
				IPHONEOS_DEPLOYMENT_TARGET = 11.0;
				LD_RUNPATH_SEARCH_PATHS = (
					"$(inherited)",
					"@executable_path/Frameworks",
				);
				PRODUCT_BUNDLE_IDENTIFIER = surf.FlatPageControl;
				PRODUCT_NAME = "$(TARGET_NAME)";
				SWIFT_VERSION = 4.0;
				TARGETED_DEVICE_FAMILY = 1;
			};
			name = Debug;
		};
		844866D821518355005DC541 /* Release */ = {
			isa = XCBuildConfiguration;
			buildSettings = {
				ASSETCATALOG_COMPILER_APPICON_NAME = AppIcon;
				CODE_SIGN_STYLE = Automatic;
				DEVELOPMENT_TEAM = 4CNS69SD7T;
				INFOPLIST_FILE = FlatPageControl/Info.plist;
				IPHONEOS_DEPLOYMENT_TARGET = 11.0;
				LD_RUNPATH_SEARCH_PATHS = (
					"$(inherited)",
					"@executable_path/Frameworks",
				);
				PRODUCT_BUNDLE_IDENTIFIER = surf.FlatPageControl;
				PRODUCT_NAME = "$(TARGET_NAME)";
				SWIFT_VERSION = 4.0;
				TARGETED_DEVICE_FAMILY = 1;
			};
			name = Release;
		};
		844866DA21518355005DC541 /* Debug */ = {
			isa = XCBuildConfiguration;
			buildSettings = {
				ALWAYS_EMBED_SWIFT_STANDARD_LIBRARIES = YES;
				BUNDLE_LOADER = "$(TEST_HOST)";
				CODE_SIGN_STYLE = Automatic;
				DEVELOPMENT_TEAM = 4CNS69SD7T;
				INFOPLIST_FILE = FlatPageControlTests/Info.plist;
				LD_RUNPATH_SEARCH_PATHS = (
					"$(inherited)",
					"@executable_path/Frameworks",
					"@loader_path/Frameworks",
				);
				PRODUCT_BUNDLE_IDENTIFIER = surf.FlatPageControlTests;
				PRODUCT_NAME = "$(TARGET_NAME)";
				SWIFT_VERSION = 4.0;
				TARGETED_DEVICE_FAMILY = "1,2";
				TEST_HOST = "$(BUILT_PRODUCTS_DIR)/FlatPageControl.app/FlatPageControl";
			};
			name = Debug;
		};
		844866DB21518355005DC541 /* Release */ = {
			isa = XCBuildConfiguration;
			buildSettings = {
				ALWAYS_EMBED_SWIFT_STANDARD_LIBRARIES = YES;
				BUNDLE_LOADER = "$(TEST_HOST)";
				CODE_SIGN_STYLE = Automatic;
				DEVELOPMENT_TEAM = 4CNS69SD7T;
				INFOPLIST_FILE = FlatPageControlTests/Info.plist;
				LD_RUNPATH_SEARCH_PATHS = (
					"$(inherited)",
					"@executable_path/Frameworks",
					"@loader_path/Frameworks",
				);
				PRODUCT_BUNDLE_IDENTIFIER = surf.FlatPageControlTests;
				PRODUCT_NAME = "$(TARGET_NAME)";
				SWIFT_VERSION = 4.0;
				TARGETED_DEVICE_FAMILY = "1,2";
				TEST_HOST = "$(BUILT_PRODUCTS_DIR)/FlatPageControl.app/FlatPageControl";
			};
			name = Release;
		};
/* End XCBuildConfiguration section */

/* Begin XCConfigurationList section */
		844866B421518352005DC541 /* Build configuration list for PBXProject "FlatPageControl" */ = {
			isa = XCConfigurationList;
			buildConfigurations = (
				844866D421518355005DC541 /* Debug */,
				844866D521518355005DC541 /* Release */,
			);
			defaultConfigurationIsVisible = 0;
			defaultConfigurationName = Release;
		};
		844866D621518355005DC541 /* Build configuration list for PBXNativeTarget "FlatPageControl" */ = {
			isa = XCConfigurationList;
			buildConfigurations = (
				844866D721518355005DC541 /* Debug */,
				844866D821518355005DC541 /* Release */,
			);
			defaultConfigurationIsVisible = 0;
			defaultConfigurationName = Release;
		};
		844866D921518355005DC541 /* Build configuration list for PBXNativeTarget "FlatPageControlTests" */ = {
			isa = XCConfigurationList;
			buildConfigurations = (
				844866DA21518355005DC541 /* Debug */,
				844866DB21518355005DC541 /* Release */,
			);
			defaultConfigurationIsVisible = 0;
			defaultConfigurationName = Release;
		};
/* End XCConfigurationList section */
	};
	rootObject = 844866B121518352005DC541 /* Project object */;
}
