PODS:
  - Koloda (4.4):
    - pop (~> 1.0)
  - pop (1.0.10)

DEPENDENCIES:
  - Koloda (~> 4.4)

SPEC REPOS:
  https://github.com/CocoaPods/Specs.git:
    - Koloda
    - pop

SPEC CHECKSUMS:
  Koloda: 0f3c51580d9d547c66a5cd9e4771611afc3e259e
  pop: 82ca6b068ce9278fd350fd9dd09482a0ce9492e6

PODFILE CHECKSUM: bde19549caa4d2fc37a94e1835f0b4c16ec428ef

COCOAPODS: 1.5.0
